schema: '2.0'
stages:
  data_ingestion:
    cmd: python src/data/data_ingestion.py
    deps:
    - path: src/data/data_ingestion.py
      hash: md5
      md5: 4b8f5d216b055c4e3556ac9269c7cde3
      size: 4439
    params:
      params.yaml:
        data_ingestion.test_size: 0.2
    outs:
    - path: data/raw
      hash: md5
      md5: e13bcce40396cd334c8a7a334868166a.dir
      size: 6919701
      nfiles: 2
  data_preprocessing:
    cmd: python src/data/data_preprocessing.py
    deps:
    - path: data/raw/test.csv
      hash: md5
      md5: ea97ba82a4a25627bf4ffb52572484ea
      size: 1348612
    - path: data/raw/train.csv
      hash: md5
      md5: 1bd422dd6d135bced1d6c64a3e84a45d
      size: 5571089
    - path: src/data/data_preprocessing.py
      hash: md5
      md5: db9597ef89126ef6bee5eb630f8c78a7
      size: 3844
    outs:
    - path: data/interim
      hash: md5
      md5: ba42408e7bd1e85685474d6a349ae57e.dir
      size: 5134850
      nfiles: 2
  model_building:
    cmd: python src/model/model_building.py
    deps:
    - path: data/interim/train_processed.csv
      hash: md5
      md5: 35027dfda8274bd9356544f2ff358aa4
      size: 4134324
    - path: src/model/model_building.py
      hash: md5
      md5: eaff413e26dd3abbd297345ebf5ebb82
      size: 5964
    params:
      params.yaml:
        model_building.learning_rate: 0.07940802964603502
        model_building.max_depth: 20
        model_building.max_features: 10000
        model_building.n_estimators: 496
        model_building.ngram_range:
        - 1
        - 3
    outs:
    - path: lgbm_model.joblib
      hash: md5
      md5: 6583caba13eaf015c390037097bf4210
      size: 5453308
    - path: tfidf_vectorizer.joblib
      hash: md5
      md5: 1d171552676213f4cdecb425aa7e5fc3
      size: 384203
  model_evaluation:
    cmd: python src/model/model_evaluation.py
    deps:
    - path: data/interim/test_processed.csv
      hash: md5
      md5: 4f30375397ec89fead1745ee6d70f201
      size: 1000526
    - path: data/interim/train_processed.csv
      hash: md5
      md5: 35027dfda8274bd9356544f2ff358aa4
      size: 4134324
    - path: lgbm_model.joblib
      hash: md5
      md5: 6583caba13eaf015c390037097bf4210
      size: 5453308
    - path: src/model/model_evaluation.py
      hash: md5
      md5: 4a160b3727696b3ebd904781dde2e68d
      size: 7710
    - path: tfidf_vectorizer.joblib
      hash: md5
      md5: 1d171552676213f4cdecb425aa7e5fc3
      size: 384203
    outs:
    - path: experiment_info.json
      hash: md5
      md5: 2abbf550b7e771c11d66ea718e79184e
      size: 87
  model_registration:
    cmd: python src/model/register_model.py
    deps:
    - path: experiment_info.json
      hash: md5
      md5: 2abbf550b7e771c11d66ea718e79184e
      size: 87
    - path: src/model/register_model.py
      hash: md5
      md5: 077c1337e38a62ea37b137b944bb74b7
      size: 2569
